
Microsoft Visual Studio Solution File, Format Version 12.00
# Visual Studio Version 17
VisualStudioVersion = 17.10.35122.118
MinimumVisualStudioVersion = 10.0.40219.1
Project("{9A19103F-16F7-4668-BE54-9A1E7A4F7556}") = "PokeFun.Api", "PokeFun.Api\PokeFun.Api.csproj", "{6EB9AFF9-142B-4602-B912-0EDE740124E4}"
EndProject
Project("{2150E333-8FDC-42A3-9474-1A3956D46DE8}") = "Application", "Application", "{3907A23A-8E12-46E1-A34C-602D4FDDB794}"
EndProject
Global
	GlobalSection(SolutionConfigurationPlatforms) = preSolution
		Debug|Any CPU = Debug|Any CPU
		Release|Any CPU = Release|Any CPU
	EndGlobalSection
	GlobalSection(ProjectConfigurationPlatforms) = postSolution
		{6EB9AFF9-142B-4602-B912-0EDE740124E4}.Debug|Any CPU.ActiveCfg = Debug|Any CPU
		{6EB9AFF9-142B-4602-B912-0EDE740124E4}.Debug|Any CPU.Build.0 = Debug|Any CPU
		{6EB9AFF9-142B-4602-B912-0EDE740124E4}.Release|Any CPU.ActiveCfg = Release|Any CPU
		{6EB9AFF9-142B-4602-B912-0EDE740124E4}.Release|Any CPU.Build.0 = Release|Any CPU
	EndGlobalSection
	GlobalSection(SolutionProperties) = preSolution
		HideSolutionNode = FALSE
	EndGlobalSection
	GlobalSection(NestedProjects) = preSolution
		{6EB9AFF9-142B-4602-B912-0EDE740124E4} = {3907A23A-8E12-46E1-A34C-602D4FDDB794}
	EndGlobalSection
	GlobalSection(ExtensibilityGlobals) = postSolution
		SolutionGuid = {4A1F40E1-98D7-4D9C-852B-A797EFCBFE5F}
	EndGlobalSection
EndGlobal
